
Microsoft Visual Studio Solution File, Format Version 12.00
# Visual Studio Version 17
VisualStudioVersion = 17.11.35222.181
MinimumVisualStudioVersion = 10.0.40219.1
Project("{9A19103F-16F7-4668-BE54-9A1E7A4F7556}") = "Consumer", "Consumer\Consumer.csproj", "{5A2F5722-AC58-4433-B32B-A82984FC67F6}"
EndProject
Project("{9A19103F-16F7-4668-BE54-9A1E7A4F7556}") = "Shared", "Shared\Shared.csproj", "{64E1FFCD-41EA-4D68-AB10-72868E954B41}"
EndProject
Project("{FAE04EC0-301F-11D3-BF4B-00C04F79EFBC}") = "Producer", "Producer\Producer.csproj", "{599C8091-8EFA-444E-9B51-A4A13EFA8ABD}"
EndProject
Project("{2150E333-8FDC-42A3-9474-1A3956D46DE8}") = "Command", "Command", "{9D3296D8-7E25-4FF1-AC72-E8749F26F4DB}"
EndProject
Project("{2150E333-8FDC-42A3-9474-1A3956D46DE8}") = "Publish", "Publish", "{23B47E0E-D648-41F6-8446-567DFC7174D2}"
EndProject
Project("{FAE04EC0-301F-11D3-BF4B-00C04F79EFBC}") = "Consumer1", "Consumer1\Consumer1.csproj", "{0CC8DA8C-D700-4C34-B0BA-F9D5DDBCF96C}"
EndProject
Project("{FAE04EC0-301F-11D3-BF4B-00C04F79EFBC}") = "Consumer2", "Consumer2\Consumer2.csproj", "{E11CE290-F8EB-4870-9B3F-EE51A8A6A55A}"
EndProject
Project("{FAE04EC0-301F-11D3-BF4B-00C04F79EFBC}") = "Consumer3", "Consumer3\Consumer3.csproj", "{02766B86-488D-400B-A0EE-FB3624367D4A}"
EndProject
Project("{FAE04EC0-301F-11D3-BF4B-00C04F79EFBC}") = "Producer_1xN", "Producer_1xN\Producer_1xN.csproj", "{21521F01-F646-4ED2-8D4F-653541BA8707}"
EndProject
Global
	GlobalSection(SolutionConfigurationPlatforms) = preSolution
		Debug|Any CPU = Debug|Any CPU
		Release|Any CPU = Release|Any CPU
	EndGlobalSection
	GlobalSection(ProjectConfigurationPlatforms) = postSolution
		{5A2F5722-AC58-4433-B32B-A82984FC67F6}.Debug|Any CPU.ActiveCfg = Debug|Any CPU
		{5A2F5722-AC58-4433-B32B-A82984FC67F6}.Debug|Any CPU.Build.0 = Debug|Any CPU
		{5A2F5722-AC58-4433-B32B-A82984FC67F6}.Release|Any CPU.ActiveCfg = Release|Any CPU
		{5A2F5722-AC58-4433-B32B-A82984FC67F6}.Release|Any CPU.Build.0 = Release|Any CPU
		{64E1FFCD-41EA-4D68-AB10-72868E954B41}.Debug|Any CPU.ActiveCfg = Debug|Any CPU
		{64E1FFCD-41EA-4D68-AB10-72868E954B41}.Debug|Any CPU.Build.0 = Debug|Any CPU
		{64E1FFCD-41EA-4D68-AB10-72868E954B41}.Release|Any CPU.ActiveCfg = Release|Any CPU
		{64E1FFCD-41EA-4D68-AB10-72868E954B41}.Release|Any CPU.Build.0 = Release|Any CPU
		{599C8091-8EFA-444E-9B51-A4A13EFA8ABD}.Debug|Any CPU.ActiveCfg = Debug|Any CPU
		{599C8091-8EFA-444E-9B51-A4A13EFA8ABD}.Debug|Any CPU.Build.0 = Debug|Any CPU
		{599C8091-8EFA-444E-9B51-A4A13EFA8ABD}.Release|Any CPU.ActiveCfg = Release|Any CPU
		{599C8091-8EFA-444E-9B51-A4A13EFA8ABD}.Release|Any CPU.Build.0 = Release|Any CPU
		{0CC8DA8C-D700-4C34-B0BA-F9D5DDBCF96C}.Debug|Any CPU.ActiveCfg = Debug|Any CPU
		{0CC8DA8C-D700-4C34-B0BA-F9D5DDBCF96C}.Debug|Any CPU.Build.0 = Debug|Any CPU
		{0CC8DA8C-D700-4C34-B0BA-F9D5DDBCF96C}.Release|Any CPU.ActiveCfg = Release|Any CPU
		{0CC8DA8C-D700-4C34-B0BA-F9D5DDBCF96C}.Release|Any CPU.Build.0 = Release|Any CPU
		{E11CE290-F8EB-4870-9B3F-EE51A8A6A55A}.Debug|Any CPU.ActiveCfg = Debug|Any CPU
		{E11CE290-F8EB-4870-9B3F-EE51A8A6A55A}.Debug|Any CPU.Build.0 = Debug|Any CPU
		{E11CE290-F8EB-4870-9B3F-EE51A8A6A55A}.Release|Any CPU.ActiveCfg = Release|Any CPU
		{E11CE290-F8EB-4870-9B3F-EE51A8A6A55A}.Release|Any CPU.Build.0 = Release|Any CPU
		{02766B86-488D-400B-A0EE-FB3624367D4A}.Debug|Any CPU.ActiveCfg = Debug|Any CPU
		{02766B86-488D-400B-A0EE-FB3624367D4A}.Debug|Any CPU.Build.0 = Debug|Any CPU
		{02766B86-488D-400B-A0EE-FB3624367D4A}.Release|Any CPU.ActiveCfg = Release|Any CPU
		{02766B86-488D-400B-A0EE-FB3624367D4A}.Release|Any CPU.Build.0 = Release|Any CPU
		{21521F01-F646-4ED2-8D4F-653541BA8707}.Debug|Any CPU.ActiveCfg = Debug|Any CPU
		{21521F01-F646-4ED2-8D4F-653541BA8707}.Debug|Any CPU.Build.0 = Debug|Any CPU
		{21521F01-F646-4ED2-8D4F-653541BA8707}.Release|Any CPU.ActiveCfg = Release|Any CPU
		{21521F01-F646-4ED2-8D4F-653541BA8707}.Release|Any CPU.Build.0 = Release|Any CPU
	EndGlobalSection
	GlobalSection(SolutionProperties) = preSolution
		HideSolutionNode = FALSE
	EndGlobalSection
	GlobalSection(NestedProjects) = preSolution
		{5A2F5722-AC58-4433-B32B-A82984FC67F6} = {9D3296D8-7E25-4FF1-AC72-E8749F26F4DB}
		{599C8091-8EFA-444E-9B51-A4A13EFA8ABD} = {9D3296D8-7E25-4FF1-AC72-E8749F26F4DB}
		{0CC8DA8C-D700-4C34-B0BA-F9D5DDBCF96C} = {23B47E0E-D648-41F6-8446-567DFC7174D2}
		{E11CE290-F8EB-4870-9B3F-EE51A8A6A55A} = {23B47E0E-D648-41F6-8446-567DFC7174D2}
		{02766B86-488D-400B-A0EE-FB3624367D4A} = {23B47E0E-D648-41F6-8446-567DFC7174D2}
		{21521F01-F646-4ED2-8D4F-653541BA8707} = {23B47E0E-D648-41F6-8446-567DFC7174D2}
	EndGlobalSection
	GlobalSection(ExtensibilityGlobals) = postSolution
		SolutionGuid = {9ADB24AD-4808-451F-9055-9D24EC6FA518}
	EndGlobalSection
EndGlobal
